# This file is generated by running "yarn install" inside your project.
# Manual changes might be lost - proceed with caution!

__metadata:
  version: 8
  cacheKey: 10c0

"@arcanumai/style@workspace:.":
  version: 0.0.0-use.local
  resolution: "@arcanumai/style@workspace:."
  dependencies:
    "@types/eslint": "npm:^9.6.1"
    "@types/prettier": "npm:^3.0.0"
    eslint-config-prettier: "npm:^10.0.1"
    eslint-plugin-prettier: "npm:^5.2.3"
    prettier: "npm:^3.5.0"
  peerDependencies:
    eslint: "*"
  languageName: unknown
  linkType: soft

"@pkgr/core@npm:^0.1.0":
  version: 0.1.1
  resolution: "@pkgr/core@npm:0.1.1"
  checksum: 10c0/3f7536bc7f57320ab2cf96f8973664bef624710c403357429fbf680a5c3b4843c1dbd389bb43daa6b1f6f1f007bb082f5abcb76bb2b5dc9f421647743b71d3d8
  languageName: node
  linkType: hard

"@types/eslint@npm:^9.6.1":
  version: 9.6.1
  resolution: "@types/eslint@npm:9.6.1"
  dependencies:
    "@types/estree": "npm:*"
    "@types/json-schema": "npm:*"
  checksum: 10c0/69ba24fee600d1e4c5abe0df086c1a4d798abf13792d8cfab912d76817fe1a894359a1518557d21237fbaf6eda93c5ab9309143dee4c59ef54336d1b3570420e
  languageName: node
  linkType: hard

"@types/estree@npm:*":
  version: 1.0.6
  resolution: "@types/estree@npm:1.0.6"
  checksum: 10c0/cdfd751f6f9065442cd40957c07fd80361c962869aa853c1c2fd03e101af8b9389d8ff4955a43a6fcfa223dd387a089937f95be0f3eec21ca527039fd2d9859a
  languageName: node
  linkType: hard

"@types/json-schema@npm:*":
  version: 7.0.15
  resolution: "@types/json-schema@npm:7.0.15"
  checksum: 10c0/a996a745e6c5d60292f36731dd41341339d4eeed8180bb09226e5c8d23759067692b1d88e5d91d72ee83dfc00d3aca8e7bd43ea120516c17922cbcb7c3e252db
  languageName: node
  linkType: hard

"@types/prettier@npm:^3.0.0":
  version: 3.0.0
  resolution: "@types/prettier@npm:3.0.0"
  dependencies:
    prettier: "npm:*"
  checksum: 10c0/edab8c0c0e56936e89c919cac17e384a9f231ce12062fb3beeb45bc45e7dcc4035dd3d7df3333b0bdd39f3b4501f22267a9dba45e22b9728c139857142e90282
  languageName: node
  linkType: hard

"eslint-config-prettier@npm:^10.0.1":
  version: 10.0.1
  resolution: "eslint-config-prettier@npm:10.0.1"
  peerDependencies:
    eslint: ">=7.0.0"
  bin:
    eslint-config-prettier: build/bin/cli.js
  checksum: 10c0/e2434931669d211663c0493f2c1640a670a02ba4503a68f056a7eda133f383acbbb983a4a7bd0ad6cb3b2bc4d5731c3be8b32fe28e35087a76fea45f7061ae70
  languageName: node
  linkType: hard

"eslint-plugin-prettier@npm:^5.2.3":
  version: 5.2.3
  resolution: "eslint-plugin-prettier@npm:5.2.3"
  dependencies:
    prettier-linter-helpers: "npm:^1.0.0"
    synckit: "npm:^0.9.1"
  peerDependencies:
    "@types/eslint": ">=8.0.0"
    eslint: ">=8.0.0"
    eslint-config-prettier: "*"
    prettier: ">=3.0.0"
  peerDependenciesMeta:
    "@types/eslint":
      optional: true
    eslint-config-prettier:
      optional: true
  checksum: 10c0/60d9c03491ec6080ac1d71d0bee1361539ff6beb9b91ac98cfa7176c9ed52b7dbe7119ebee5b441b479d447d17d802a4a492ee06095ef2f22c460e3dd6459302
  languageName: node
  linkType: hard

"fast-diff@npm:^1.1.2":
  version: 1.3.0
  resolution: "fast-diff@npm:1.3.0"
  checksum: 10c0/5c19af237edb5d5effda008c891a18a585f74bf12953be57923f17a3a4d0979565fc64dbc73b9e20926b9d895f5b690c618cbb969af0cf022e3222471220ad29
  languageName: node
  linkType: hard

"prettier-linter-helpers@npm:^1.0.0":
  version: 1.0.0
  resolution: "prettier-linter-helpers@npm:1.0.0"
  dependencies:
    fast-diff: "npm:^1.1.2"
  checksum: 10c0/81e0027d731b7b3697ccd2129470ed9913ecb111e4ec175a12f0fcfab0096516373bf0af2fef132af50cafb0a905b74ff57996d615f59512bb9ac7378fcc64ab
  languageName: node
  linkType: hard

"prettier@npm:*, prettier@npm:^3.5.0":
  version: 3.5.1
  resolution: "prettier@npm:3.5.1"
  bin:
    prettier: bin/prettier.cjs
  checksum: 10c0/9f6f810eae455d6e4213845151a484a2338f2e0d6a8b84ee8e13a83af8a2421ef6c1e31e61e4b135671fb57b9541f6624648880cc2061ac803e243ac898c0123
  languageName: node
  linkType: hard

"synckit@npm:^0.9.1":
  version: 0.9.2
  resolution: "synckit@npm:0.9.2"
  dependencies:
    "@pkgr/core": "npm:^0.1.0"
    tslib: "npm:^2.6.2"
  checksum: 10c0/e0c262817444e5b872708adb6f5ad37951ba33f6b2d1d4477d45db1f57573a784618ceed5e6614e0225db330632b1f6b95bb74d21e4d013e45ad4bde03d0cb59
  languageName: node
  linkType: hard

"tslib@npm:^2.6.2":
  version: 2.8.1
  resolution: "tslib@npm:2.8.1"
  checksum: 10c0/9c4759110a19c53f992d9aae23aac5ced636e99887b51b9e61def52611732872ff7668757d4e4c61f19691e36f4da981cd9485e869b4a7408d689f6bf1f14e62
  languageName: node
  linkType: hard
